// !$*UTF8*$!
{
	archiveVersion = 1;
	classes = {
	};
	objectVersion = 50;
	objects = {

/* Begin PBXBuildFile section */
		6D8A3E6B2440CBFB00EE2BCC /* AppDelegate.swift in Sources */ = {isa = PBXBuildFile; fileRef = 6D8A3E6A2440CBFB00EE2BCC /* AppDelegate.swift */; };
		6D8A3E6D2440CBFB00EE2BCC /* SceneDelegate.swift in Sources */ = {isa = PBXBuildFile; fileRef = 6D8A3E6C2440CBFB00EE2BCC /* SceneDelegate.swift */; };
		6D8A3E722440CBFB00EE2BCC /* Main.storyboard in Resources */ = {isa = PBXBuildFile; fileRef = 6D8A3E702440CBFB00EE2BCC /* Main.storyboard */; };
		6D8A3E742440CBFC00EE2BCC /* Assets.xcassets in Resources */ = {isa = PBXBuildFile; fileRef = 6D8A3E732440CBFC00EE2BCC /* Assets.xcassets */; };
		6D8A3E772440CBFC00EE2BCC /* LaunchScreen.storyboard in Resources */ = {isa = PBXBuildFile; fileRef = 6D8A3E752440CBFC00EE2BCC /* LaunchScreen.storyboard */; };
		6D8A3E822440CC6F00EE2BCC /* NameListTableViewController.swift in Sources */ = {isa = PBXBuildFile; fileRef = 6D8A3E812440CC6F00EE2BCC /* NameListTableViewController.swift */; };
		6D8A3E842440CC8800EE2BCC /* NameViewController.swift in Sources */ = {isa = PBXBuildFile; fileRef = 6D8A3E832440CC8800EE2BCC /* NameViewController.swift */; };
/* End PBXBuildFile section */

/* Begin PBXFileReference section */
		6D8A3E672440CBFB00EE2BCC /* Name Randomizer Assessment.app */ = {isa = PBXFileReference; explicitFileType = wrapper.application; includeInIndex = 0; path = "Name Randomizer Assessment.app"; sourceTree = BUILT_PRODUCTS_DIR; };
		6D8A3E6A2440CBFB00EE2BCC /* AppDelegate.swift */ = {isa = PBXFileReference; lastKnownFileType = sourcecode.swift; path = AppDelegate.swift; sourceTree = "<group>"; };
		6D8A3E6C2440CBFB00EE2BCC /* SceneDelegate.swift */ = {isa = PBXFileReference; lastKnownFileType = sourcecode.swift; path = SceneDelegate.swift; sourceTree = "<group>"; };
		6D8A3E712440CBFB00EE2BCC /* Base */ = {isa = PBXFileReference; lastKnownFileType = file.storyboard; name = Base; path = Base.lproj/Main.storyboard; sourceTree = "<group>"; };
		6D8A3E732440CBFC00EE2BCC /* Assets.xcassets */ = {isa = PBXFileReference; lastKnownFileType = folder.assetcatalog; path = Assets.xcassets; sourceTree = "<group>"; };
		6D8A3E762440CBFC00EE2BCC /* Base */ = {isa = PBXFileReference; lastKnownFileType = file.storyboard; name = Base; path = Base.lproj/LaunchScreen.storyboard; sourceTree = "<group>"; };
		6D8A3E782440CBFC00EE2BCC /* Info.plist */ = {isa = PBXFileReference; lastKnownFileType = text.plist.xml; path = Info.plist; sourceTree = "<group>"; };
		6D8A3E812440CC6F00EE2BCC /* NameListTableViewController.swift */ = {isa = PBXFileReference; lastKnownFileType = sourcecode.swift; path = NameListTableViewController.swift; sourceTree = "<group>"; };
		6D8A3E832440CC8800EE2BCC /* NameViewController.swift */ = {isa = PBXFileReference; lastKnownFileType = sourcecode.swift; path = NameViewController.swift; sourceTree = "<group>"; };
/* End PBXFileReference section */

/* Begin PBXFrameworksBuildPhase section */
		6D8A3E642440CBFB00EE2BCC /* Frameworks */ = {
			isa = PBXFrameworksBuildPhase;
			buildActionMask = 2147483647;
			files = (
			);
			runOnlyForDeploymentPostprocessing = 0;
		};
/* End PBXFrameworksBuildPhase section */

/* Begin PBXGroup section */
		6D8A3E5E2440CBFB00EE2BCC = {
			isa = PBXGroup;
			children = (
				6D8A3E692440CBFB00EE2BCC /* Name Randomizer Assessment */,
				6D8A3E682440CBFB00EE2BCC /* Products */,
			);
			sourceTree = "<group>";
		};
		6D8A3E682440CBFB00EE2BCC /* Products */ = {
			isa = PBXGroup;
			children = (
				6D8A3E672440CBFB00EE2BCC /* Name Randomizer Assessment.app */,
			);
			name = Products;
			sourceTree = "<group>";
		};
		6D8A3E692440CBFB00EE2BCC /* Name Randomizer Assessment */ = {
			isa = PBXGroup;
			children = (
				6D8A3E702440CBFB00EE2BCC /* Main.storyboard */,
				6D8A3E7F2440CC4300EE2BCC /* Controllers */,
				6D8A3E7E2440CC1B00EE2BCC /* Resources */,
			);
			path = "Name Randomizer Assessment";
			sourceTree = "<group>";
		};
		6D8A3E7E2440CC1B00EE2BCC /* Resources */ = {
			isa = PBXGroup;
			children = (
				6D8A3E6A2440CBFB00EE2BCC /* AppDelegate.swift */,
				6D8A3E6C2440CBFB00EE2BCC /* SceneDelegate.swift */,
				6D8A3E732440CBFC00EE2BCC /* Assets.xcassets */,
				6D8A3E752440CBFC00EE2BCC /* LaunchScreen.storyboard */,
				6D8A3E782440CBFC00EE2BCC /* Info.plist */,
			);
			path = Resources;
			sourceTree = "<group>";
		};
		6D8A3E7F2440CC4300EE2BCC /* Controllers */ = {
			isa = PBXGroup;
			children = (
				6D8A3E802440CC4E00EE2BCC /* View Controllers */,
			);
			path = Controllers;
			sourceTree = "<group>";
		};
		6D8A3E802440CC4E00EE2BCC /* View Controllers */ = {
			isa = PBXGroup;
			children = (
				6D8A3E812440CC6F00EE2BCC /* NameListTableViewController.swift */,
				6D8A3E832440CC8800EE2BCC /* NameViewController.swift */,
			);
			path = "View Controllers";
			sourceTree = "<group>";
		};
/* End PBXGroup section */

/* Begin PBXNativeTarget section */
		6D8A3E662440CBFB00EE2BCC /* Name Randomizer Assessment */ = {
			isa = PBXNativeTarget;
			buildConfigurationList = 6D8A3E7B2440CBFC00EE2BCC /* Build configuration list for PBXNativeTarget "Name Randomizer Assessment" */;
			buildPhases = (
				6D8A3E632440CBFB00EE2BCC /* Sources */,
				6D8A3E642440CBFB00EE2BCC /* Frameworks */,
				6D8A3E652440CBFB00EE2BCC /* Resources */,
			);
			buildRules = (
			);
			dependencies = (
			);
			name = "Name Randomizer Assessment";
			productName = "Name Randomizer Assessment";
			productReference = 6D8A3E672440CBFB00EE2BCC /* Name Randomizer Assessment.app */;
			productType = "com.apple.product-type.application";
		};
/* End PBXNativeTarget section */

/* Begin PBXProject section */
		6D8A3E5F2440CBFB00EE2BCC /* Project object */ = {
			isa = PBXProject;
			attributes = {
				LastSwiftUpdateCheck = 1140;
				LastUpgradeCheck = 1140;
				ORGANIZATIONNAME = Anthroman;
				TargetAttributes = {
					6D8A3E662440CBFB00EE2BCC = {
						CreatedOnToolsVersion = 11.4;
					};
				};
			};
			buildConfigurationList = 6D8A3E622440CBFB00EE2BCC /* Build configuration list for PBXProject "Name Randomizer Assessment" */;
			compatibilityVersion = "Xcode 9.3";
			developmentRegion = en;
			hasScannedForEncodings = 0;
			knownRegions = (
				en,
				Base,
			);
			mainGroup = 6D8A3E5E2440CBFB00EE2BCC;
			productRefGroup = 6D8A3E682440CBFB00EE2BCC /* Products */;
			projectDirPath = "";
			projectRoot = "";
			targets = (
				6D8A3E662440CBFB00EE2BCC /* Name Randomizer Assessment */,
			);
		};
/* End PBXProject section */

/* Begin PBXResourcesBuildPhase section */
		6D8A3E652440CBFB00EE2BCC /* Resources */ = {
			isa = PBXResourcesBuildPhase;
			buildActionMask = 2147483647;
			files = (
				6D8A3E772440CBFC00EE2BCC /* LaunchScreen.storyboard in Resources */,
				6D8A3E742440CBFC00EE2BCC /* Assets.xcassets in Resources */,
				6D8A3E722440CBFB00EE2BCC /* Main.storyboard in Resources */,
			);
			runOnlyForDeploymentPostprocessing = 0;
		};
/* End PBXResourcesBuildPhase section */

/* Begin PBXSourcesBuildPhase section */
		6D8A3E632440CBFB00EE2BCC /* Sources */ = {
			isa = PBXSourcesBuildPhase;
			buildActionMask = 2147483647;
			files = (
				6D8A3E822440CC6F00EE2BCC /* NameListTableViewController.swift in Sources */,
				6D8A3E6B2440CBFB00EE2BCC /* AppDelegate.swift in Sources */,
				6D8A3E6D2440CBFB00EE2BCC /* SceneDelegate.swift in Sources */,
				6D8A3E842440CC8800EE2BCC /* NameViewController.swift in Sources */,
			);
			runOnlyForDeploymentPostprocessing = 0;
		};
/* End PBXSourcesBuildPhase section */

/* Begin PBXVariantGroup section */
		6D8A3E702440CBFB00EE2BCC /* Main.storyboard */ = {
			isa = PBXVariantGroup;
			children = (
				6D8A3E712440CBFB00EE2BCC /* Base */,
			);
			name = Main.storyboard;
			sourceTree = "<group>";
		};
		6D8A3E752440CBFC00EE2BCC /* LaunchScreen.storyboard */ = {
			isa = PBXVariantGroup;
			children = (
				6D8A3E762440CBFC00EE2BCC /* Base */,
			);
			name = LaunchScreen.storyboard;
			sourceTree = "<group>";
		};
/* End PBXVariantGroup section */

/* Begin XCBuildConfiguration section */
		6D8A3E792440CBFC00EE2BCC /* Debug */ = {
			isa = XCBuildConfiguration;
			buildSettings = {
				ALWAYS_SEARCH_USER_PATHS = NO;
				CLANG_ANALYZER_NONNULL = YES;
				CLANG_ANALYZER_NUMBER_OBJECT_CONVERSION = YES_AGGRESSIVE;
				CLANG_CXX_LANGUAGE_STANDARD = "gnu++14";
				CLANG_CXX_LIBRARY = "libc++";
				CLANG_ENABLE_MODULES = YES;
				CLANG_ENABLE_OBJC_ARC = YES;
				CLANG_ENABLE_OBJC_WEAK = YES;
				CLANG_WARN_BLOCK_CAPTURE_AUTORELEASING = YES;
				CLANG_WARN_BOOL_CONVERSION = YES;
				CLANG_WARN_COMMA = YES;
				CLANG_WARN_CONSTANT_CONVERSION = YES;
				CLANG_WARN_DEPRECATED_OBJC_IMPLEMENTATIONS = YES;
				CLANG_WARN_DIRECT_OBJC_ISA_USAGE = YES_ERROR;
				CLANG_WARN_DOCUMENTATION_COMMENTS = YES;
				CLANG_WARN_EMPTY_BODY = YES;
				CLANG_WARN_ENUM_CONVERSION = YES;
				CLANG_WARN_INFINITE_RECURSION = YES;
				CLANG_WARN_INT_CONVERSION = YES;
				CLANG_WARN_NON_LITERAL_NULL_CONVERSION = YES;
				CLANG_WARN_OBJC_IMPLICIT_RETAIN_SELF = YES;
				CLANG_WARN_OBJC_LITERAL_CONVERSION = YES;
				CLANG_WARN_OBJC_ROOT_CLASS = YES_ERROR;
				CLANG_WARN_RANGE_LOOP_ANALYSIS = YES;
				CLANG_WARN_STRICT_PROTOTYPES = YES;
				CLANG_WARN_SUSPICIOUS_MOVE = YES;
				CLANG_WARN_UNGUARDED_AVAILABILITY = YES_AGGRESSIVE;
				CLANG_WARN_UNREACHABLE_CODE = YES;
				CLANG_WARN__DUPLICATE_METHOD_MATCH = YES;
				COPY_PHASE_STRIP = NO;
				DEBUG_INFORMATION_FORMAT = dwarf;
				ENABLE_STRICT_OBJC_MSGSEND = YES;
				ENABLE_TESTABILITY = YES;
				GCC_C_LANGUAGE_STANDARD = gnu11;
				GCC_DYNAMIC_NO_PIC = NO;
				GCC_NO_COMMON_BLOCKS = YES;
				GCC_OPTIMIZATION_LEVEL = 0;
				GCC_PREPROCESSOR_DEFINITIONS = (
					"DEBUG=1",
					"$(inherited)",
				);
				GCC_WARN_64_TO_32_BIT_CONVERSION = YES;
				GCC_WARN_ABOUT_RETURN_TYPE = YES_ERROR;
				GCC_WARN_UNDECLARED_SELECTOR = YES;
				GCC_WARN_UNINITIALIZED_AUTOS = YES_AGGRESSIVE;
				GCC_WARN_UNUSED_FUNCTION = YES;
				GCC_WARN_UNUSED_VARIABLE = YES;
				IPHONEOS_DEPLOYMENT_TARGET = 13.4;
				MTL_ENABLE_DEBUG_INFO = INCLUDE_SOURCE;
				MTL_FAST_MATH = YES;
				ONLY_ACTIVE_ARCH = YES;
				SDKROOT = iphoneos;
				SWIFT_ACTIVE_COMPILATION_CONDITIONS = DEBUG;
				SWIFT_OPTIMIZATION_LEVEL = "-Onone";
			};
			name = Debug;
		};
		6D8A3E7A2440CBFC00EE2BCC /* Release */ = {
			isa = XCBuildConfiguration;
			buildSettings = {
				ALWAYS_SEARCH_USER_PATHS = NO;
				CLANG_ANALYZER_NONNULL = YES;
				CLANG_ANALYZER_NUMBER_OBJECT_CONVERSION = YES_AGGRESSIVE;
				CLANG_CXX_LANGUAGE_STANDARD = "gnu++14";
				CLANG_CXX_LIBRARY = "libc++";
				CLANG_ENABLE_MODULES = YES;
				CLANG_ENABLE_OBJC_ARC = YES;
				CLANG_ENABLE_OBJC_WEAK = YES;
				CLANG_WARN_BLOCK_CAPTURE_AUTORELEASING = YES;
				CLANG_WARN_BOOL_CONVERSION = YES;
				CLANG_WARN_COMMA = YES;
				CLANG_WARN_CONSTANT_CONVERSION = YES;
				CLANG_WARN_DEPRECATED_OBJC_IMPLEMENTATIONS = YES;
				CLANG_WARN_DIRECT_OBJC_ISA_USAGE = YES_ERROR;
				CLANG_WARN_DOCUMENTATION_COMMENTS = YES;
				CLANG_WARN_EMPTY_BODY = YES;
				CLANG_WARN_ENUM_CONVERSION = YES;
				CLANG_WARN_INFINITE_RECURSION = YES;
				CLANG_WARN_INT_CONVERSION = YES;
				CLANG_WARN_NON_LITERAL_NULL_CONVERSION = YES;
				CLANG_WARN_OBJC_IMPLICIT_RETAIN_SELF = YES;
				CLANG_WARN_OBJC_LITERAL_CONVERSION = YES;
				CLANG_WARN_OBJC_ROOT_CLASS = YES_ERROR;
				CLANG_WARN_RANGE_LOOP_ANALYSIS = YES;
				CLANG_WARN_STRICT_PROTOTYPES = YES;
				CLANG_WARN_SUSPICIOUS_MOVE = YES;
				CLANG_WARN_UNGUARDED_AVAILABILITY = YES_AGGRESSIVE;
				CLANG_WARN_UNREACHABLE_CODE = YES;
				CLANG_WARN__DUPLICATE_METHOD_MATCH = YES;
				COPY_PHASE_STRIP = NO;
				DEBUG_INFORMATION_FORMAT = "dwarf-with-dsym";
				ENABLE_NS_ASSERTIONS = NO;
				ENABLE_STRICT_OBJC_MSGSEND = YES;
				GCC_C_LANGUAGE_STANDARD = gnu11;
				GCC_NO_COMMON_BLOCKS = YES;
				GCC_WARN_64_TO_32_BIT_CONVERSION = YES;
				GCC_WARN_ABOUT_RETURN_TYPE = YES_ERROR;
				GCC_WARN_UNDECLARED_SELECTOR = YES;
				GCC_WARN_UNINITIALIZED_AUTOS = YES_AGGRESSIVE;
				GCC_WARN_UNUSED_FUNCTION = YES;
				GCC_WARN_UNUSED_VARIABLE = YES;
				IPHONEOS_DEPLOYMENT_TARGET = 13.4;
				MTL_ENABLE_DEBUG_INFO = NO;
				MTL_FAST_MATH = YES;
				SDKROOT = iphoneos;
				SWIFT_COMPILATION_MODE = wholemodule;
				SWIFT_OPTIMIZATION_LEVEL = "-O";
				VALIDATE_PRODUCT = YES;
			};
			name = Release;
		};
		6D8A3E7C2440CBFC00EE2BCC /* Debug */ = {
			isa = XCBuildConfiguration;
			buildSettings = {
				ASSETCATALOG_COMPILER_APPICON_NAME = AppIcon;
				CODE_SIGN_STYLE = Automatic;
				INFOPLIST_FILE = "Name Randomizer Assessment/Resources/Info.plist";
				LD_RUNPATH_SEARCH_PATHS = (
					"$(inherited)",
					"@executable_path/Frameworks",
				);
				PRODUCT_BUNDLE_IDENTIFIER = "com.Anthroman.Name-Randomizer-Assessment";
				PRODUCT_NAME = "$(TARGET_NAME)";
				SWIFT_VERSION = 5.0;
				TARGETED_DEVICE_FAMILY = "1,2";
			};
			name = Debug;
		};
		6D8A3E7D2440CBFC00EE2BCC /* Release */ = {
			isa = XCBuildConfiguration;
			buildSettings = {
				ASSETCATALOG_COMPILER_APPICON_NAME = AppIcon;
				CODE_SIGN_STYLE = Automatic;
				INFOPLIST_FILE = "Name Randomizer Assessment/Resources/Info.plist";
				LD_RUNPATH_SEARCH_PATHS = (
					"$(inherited)",
					"@executable_path/Frameworks",
				);
				PRODUCT_BUNDLE_IDENTIFIER = "com.Anthroman.Name-Randomizer-Assessment";
				PRODUCT_NAME = "$(TARGET_NAME)";
				SWIFT_VERSION = 5.0;
				TARGETED_DEVICE_FAMILY = "1,2";
			};
			name = Release;
		};
/* End XCBuildConfiguration section */

/* Begin XCConfigurationList section */
		6D8A3E622440CBFB00EE2BCC /* Build configuration list for PBXProject "Name Randomizer Assessment" */ = {
			isa = XCConfigurationList;
			buildConfigurations = (
				6D8A3E792440CBFC00EE2BCC /* Debug */,
				6D8A3E7A2440CBFC00EE2BCC /* Release */,
			);
			defaultConfigurationIsVisible = 0;
			defaultConfigurationName = Release;
		};
		6D8A3E7B2440CBFC00EE2BCC /* Build configuration list for PBXNativeTarget "Name Randomizer Assessment" */ = {
			isa = XCConfigurationList;
			buildConfigurations = (
				6D8A3E7C2440CBFC00EE2BCC /* Debug */,
				6D8A3E7D2440CBFC00EE2BCC /* Release */,
			);
			defaultConfigurationIsVisible = 0;
			defaultConfigurationName = Release;
		};
/* End XCConfigurationList section */
	};
	rootObject = 6D8A3E5F2440CBFB00EE2BCC /* Project object */;
}
